
Microsoft Visual Studio Solution File, Format Version 12.00
# Visual Studio 15
VisualStudioVersion = 15.0.28010.2003
MinimumVisualStudioVersion = 10.0.40219.1
Project("{9A19103F-16F7-4668-BE54-9A1E7A4F7556}") = "VoidMethode", "Methoden\VoidMethode.csproj", "{A0A32B0A-DED6-4624-8111-D62B7F4D1E31}"
EndProject
Project("{9A19103F-16F7-4668-BE54-9A1E7A4F7556}") = "MethodenMitRueckgabe", "MethodenMitRueckgabe\MethodenMitRueckgabe.csproj", "{72BE1E06-EE3B-437F-AA9B-ACCCC3472554}"
EndProject
Project("{FAE04EC0-301F-11D3-BF4B-00C04F79EFBC}") = "Benutzereingabe", "Benutzereingabe\Benutzereingabe.csproj", "{62A4CF79-C739-4CD5-97A5-EBACC99233A7}"
EndProject
Global
	GlobalSection(SolutionConfigurationPlatforms) = preSolution
		Debug|Any CPU = Debug|Any CPU
		Release|Any CPU = Release|Any CPU
	EndGlobalSection
	GlobalSection(ProjectConfigurationPlatforms) = postSolution
		{A0A32B0A-DED6-4624-8111-D62B7F4D1E31}.Debug|Any CPU.ActiveCfg = Debug|Any CPU
		{A0A32B0A-DED6-4624-8111-D62B7F4D1E31}.Debug|Any CPU.Build.0 = Debug|Any CPU
		{A0A32B0A-DED6-4624-8111-D62B7F4D1E31}.Release|Any CPU.ActiveCfg = Release|Any CPU
		{A0A32B0A-DED6-4624-8111-D62B7F4D1E31}.Release|Any CPU.Build.0 = Release|Any CPU
		{72BE1E06-EE3B-437F-AA9B-ACCCC3472554}.Debug|Any CPU.ActiveCfg = Debug|Any CPU
		{72BE1E06-EE3B-437F-AA9B-ACCCC3472554}.Debug|Any CPU.Build.0 = Debug|Any CPU
		{72BE1E06-EE3B-437F-AA9B-ACCCC3472554}.Release|Any CPU.ActiveCfg = Release|Any CPU
		{72BE1E06-EE3B-437F-AA9B-ACCCC3472554}.Release|Any CPU.Build.0 = Release|Any CPU
		{62A4CF79-C739-4CD5-97A5-EBACC99233A7}.Debug|Any CPU.ActiveCfg = Debug|Any CPU
		{62A4CF79-C739-4CD5-97A5-EBACC99233A7}.Debug|Any CPU.Build.0 = Debug|Any CPU
		{62A4CF79-C739-4CD5-97A5-EBACC99233A7}.Release|Any CPU.ActiveCfg = Release|Any CPU
		{62A4CF79-C739-4CD5-97A5-EBACC99233A7}.Release|Any CPU.Build.0 = Release|Any CPU
	EndGlobalSection
	GlobalSection(SolutionProperties) = preSolution
		HideSolutionNode = FALSE
	EndGlobalSection
	GlobalSection(ExtensibilityGlobals) = postSolution
		SolutionGuid = {10080226-F3D4-4D55-85BA-43FD76296729}
	EndGlobalSection
EndGlobal
