
Microsoft Visual Studio Solution File, Format Version 12.00
# Visual Studio 15
VisualStudioVersion = 15.0.28010.2003
MinimumVisualStudioVersion = 10.0.40219.1
Project("{FAE04EC0-301F-11D3-BF4B-00C04F79EFBC}") = "ErweiterteIfStatements", "ErweiterteIfStatements\ErweiterteIfStatements.csproj", "{CF717137-B2CE-475B-9F7E-4A0519AD80DB}"
EndProject
Global
	GlobalSection(SolutionConfigurationPlatforms) = preSolution
		Debug|Any CPU = Debug|Any CPU
		Release|Any CPU = Release|Any CPU
	EndGlobalSection
	GlobalSection(ProjectConfigurationPlatforms) = postSolution
		{CF717137-B2CE-475B-9F7E-4A0519AD80DB}.Debug|Any CPU.ActiveCfg = Debug|Any CPU
		{CF717137-B2CE-475B-9F7E-4A0519AD80DB}.Debug|Any CPU.Build.0 = Debug|Any CPU
		{CF717137-B2CE-475B-9F7E-4A0519AD80DB}.Release|Any CPU.ActiveCfg = Release|Any CPU
		{CF717137-B2CE-475B-9F7E-4A0519AD80DB}.Release|Any CPU.Build.0 = Release|Any CPU
	EndGlobalSection
	GlobalSection(SolutionProperties) = preSolution
		HideSolutionNode = FALSE
	EndGlobalSection
	GlobalSection(ExtensibilityGlobals) = postSolution
		SolutionGuid = {8B00BE58-DCBB-4F0F-B0B9-D59178ED86FA}
	EndGlobalSection
EndGlobal
